
Microsoft Visual Studio Solution File, Format Version 12.00
# Visual Studio Version 16
VisualStudioVersion = 16.0.29920.165
MinimumVisualStudioVersion = 10.0.40219.1
Project("{FAE04EC0-301F-11D3-BF4B-00C04F79EFBC}") = "Black Jack", "Black Jack\Black Jack.csproj", "{EA8E1EB2-A6A8-4A9E-8931-DE62F2EF141E}"
EndProject
Global
	GlobalSection(SolutionConfigurationPlatforms) = preSolution
		Debug|Any CPU = Debug|Any CPU
		Release|Any CPU = Release|Any CPU
	EndGlobalSection
	GlobalSection(ProjectConfigurationPlatforms) = postSolution
		{EA8E1EB2-A6A8-4A9E-8931-DE62F2EF141E}.Debug|Any CPU.ActiveCfg = Debug|Any CPU
		{EA8E1EB2-A6A8-4A9E-8931-DE62F2EF141E}.Debug|Any CPU.Build.0 = Debug|Any CPU
		{EA8E1EB2-A6A8-4A9E-8931-DE62F2EF141E}.Release|Any CPU.ActiveCfg = Release|Any CPU
		{EA8E1EB2-A6A8-4A9E-8931-DE62F2EF141E}.Release|Any CPU.Build.0 = Release|Any CPU
	EndGlobalSection
	GlobalSection(SolutionProperties) = preSolution
		HideSolutionNode = FALSE
	EndGlobalSection
	GlobalSection(ExtensibilityGlobals) = postSolution
		SolutionGuid = {B0E29F21-49EA-4AD6-9A3D-C297C3E9CF60}
	EndGlobalSection
EndGlobal
